// !$*UTF8*$!
{
	archiveVersion = 1;
	classes = {
	};
	objectVersion = 55;
	objects = {

/* Begin PBXBuildFile section */
		84F2C0E028228DDE00B9DF7C /* MyLibrary.docc in Sources */ = {isa = PBXBuildFile; fileRef = 84F2C0DF28228DDE00B9DF7C /* MyLibrary.docc */; };
		84F2C0E628228DDE00B9DF7C /* MyLibrary.framework in Frameworks */ = {isa = PBXBuildFile; fileRef = 84F2C0DB28228DDE00B9DF7C /* MyLibrary.framework */; };
		84F2C0EB28228DDE00B9DF7C /* MyLibraryTests.swift in Sources */ = {isa = PBXBuildFile; fileRef = 84F2C0EA28228DDE00B9DF7C /* MyLibraryTests.swift */; };
		84F2C0EC28228DDE00B9DF7C /* MyLibrary.h in Headers */ = {isa = PBXBuildFile; fileRef = 84F2C0DE28228DDE00B9DF7C /* MyLibrary.h */; settings = {ATTRIBUTES = (Public, ); }; };
		84F2C11C282293B700B9DF7C /* AppDelegate.swift in Sources */ = {isa = PBXBuildFile; fileRef = 84F2C11B282293B700B9DF7C /* AppDelegate.swift */; };
		84F2C11E282293B700B9DF7C /* SceneDelegate.swift in Sources */ = {isa = PBXBuildFile; fileRef = 84F2C11D282293B700B9DF7C /* SceneDelegate.swift */; };
		84F2C120282293B700B9DF7C /* ViewController.swift in Sources */ = {isa = PBXBuildFile; fileRef = 84F2C11F282293B700B9DF7C /* ViewController.swift */; };
		84F2C123282293B700B9DF7C /* Main.storyboard in Resources */ = {isa = PBXBuildFile; fileRef = 84F2C121282293B700B9DF7C /* Main.storyboard */; };
		84F2C125282293BA00B9DF7C /* Assets.xcassets in Resources */ = {isa = PBXBuildFile; fileRef = 84F2C124282293BA00B9DF7C /* Assets.xcassets */; };
		84F2C128282293BA00B9DF7C /* LaunchScreen.storyboard in Resources */ = {isa = PBXBuildFile; fileRef = 84F2C126282293BA00B9DF7C /* LaunchScreen.storyboard */; };
/* End PBXBuildFile section */

/* Begin PBXContainerItemProxy section */
		84F2C0E728228DDE00B9DF7C /* PBXContainerItemProxy */ = {
			isa = PBXContainerItemProxy;
			containerPortal = 84F2C0D228228DDE00B9DF7C /* Project object */;
			proxyType = 1;
			remoteGlobalIDString = 84F2C0DA28228DDE00B9DF7C;
			remoteInfo = MyLibrary;
		};
/* End PBXContainerItemProxy section */

/* Begin PBXFileReference section */
		84F2C0DB28228DDE00B9DF7C /* MyLibrary.framework */ = {isa = PBXFileReference; explicitFileType = wrapper.framework; includeInIndex = 0; path = MyLibrary.framework; sourceTree = BUILT_PRODUCTS_DIR; };
		84F2C0DE28228DDE00B9DF7C /* MyLibrary.h */ = {isa = PBXFileReference; lastKnownFileType = sourcecode.c.h; path = MyLibrary.h; sourceTree = "<group>"; };
		84F2C0DF28228DDE00B9DF7C /* MyLibrary.docc */ = {isa = PBXFileReference; lastKnownFileType = folder.documentationcatalog; path = MyLibrary.docc; sourceTree = "<group>"; };
		84F2C0E528228DDE00B9DF7C /* MyLibraryTests.xctest */ = {isa = PBXFileReference; explicitFileType = wrapper.cfbundle; includeInIndex = 0; path = MyLibraryTests.xctest; sourceTree = BUILT_PRODUCTS_DIR; };
		84F2C0EA28228DDE00B9DF7C /* MyLibraryTests.swift */ = {isa = PBXFileReference; lastKnownFileType = sourcecode.swift; path = MyLibraryTests.swift; sourceTree = "<group>"; };
		84F2C119282293B700B9DF7C /* MyLibraryExample.app */ = {isa = PBXFileReference; explicitFileType = wrapper.application; includeInIndex = 0; path = MyLibraryExample.app; sourceTree = BUILT_PRODUCTS_DIR; };
		84F2C11B282293B700B9DF7C /* AppDelegate.swift */ = {isa = PBXFileReference; lastKnownFileType = sourcecode.swift; path = AppDelegate.swift; sourceTree = "<group>"; };
		84F2C11D282293B700B9DF7C /* SceneDelegate.swift */ = {isa = PBXFileReference; lastKnownFileType = sourcecode.swift; path = SceneDelegate.swift; sourceTree = "<group>"; };
		84F2C11F282293B700B9DF7C /* ViewController.swift */ = {isa = PBXFileReference; lastKnownFileType = sourcecode.swift; path = ViewController.swift; sourceTree = "<group>"; };
		84F2C122282293B700B9DF7C /* Base */ = {isa = PBXFileReference; lastKnownFileType = file.storyboard; name = Base; path = Base.lproj/Main.storyboard; sourceTree = "<group>"; };
		84F2C124282293BA00B9DF7C /* Assets.xcassets */ = {isa = PBXFileReference; lastKnownFileType = folder.assetcatalog; path = Assets.xcassets; sourceTree = "<group>"; };
		84F2C127282293BA00B9DF7C /* Base */ = {isa = PBXFileReference; lastKnownFileType = file.storyboard; name = Base; path = Base.lproj/LaunchScreen.storyboard; sourceTree = "<group>"; };
		84F2C129282293BA00B9DF7C /* Info.plist */ = {isa = PBXFileReference; lastKnownFileType = text.plist.xml; path = Info.plist; sourceTree = "<group>"; };
/* End PBXFileReference section */

/* Begin PBXFrameworksBuildPhase section */
		84F2C0D828228DDE00B9DF7C /* Frameworks */ = {
			isa = PBXFrameworksBuildPhase;
			buildActionMask = 2147483647;
			files = (
			);
			runOnlyForDeploymentPostprocessing = 0;
		};
		84F2C0E228228DDE00B9DF7C /* Frameworks */ = {
			isa = PBXFrameworksBuildPhase;
			buildActionMask = 2147483647;
			files = (
				84F2C0E628228DDE00B9DF7C /* MyLibrary.framework in Frameworks */,
			);
			runOnlyForDeploymentPostprocessing = 0;
		};
		84F2C116282293B700B9DF7C /* Frameworks */ = {
			isa = PBXFrameworksBuildPhase;
			buildActionMask = 2147483647;
			files = (
			);
			runOnlyForDeploymentPostprocessing = 0;
		};
/* End PBXFrameworksBuildPhase section */

/* Begin PBXGroup section */
		84F2C0D128228DDE00B9DF7C = {
			isa = PBXGroup;
			children = (
				84F2C0DD28228DDE00B9DF7C /* MyLibrary */,
				84F2C0E928228DDE00B9DF7C /* MyLibraryTests */,
				84F2C11A282293B700B9DF7C /* MyLibraryExample */,
				84F2C0DC28228DDE00B9DF7C /* Products */,
			);
			sourceTree = "<group>";
		};
		84F2C0DC28228DDE00B9DF7C /* Products */ = {
			isa = PBXGroup;
			children = (
				84F2C0DB28228DDE00B9DF7C /* MyLibrary.framework */,
				84F2C0E528228DDE00B9DF7C /* MyLibraryTests.xctest */,
				84F2C119282293B700B9DF7C /* MyLibraryExample.app */,
			);
			name = Products;
			sourceTree = "<group>";
		};
		84F2C0DD28228DDE00B9DF7C /* MyLibrary */ = {
			isa = PBXGroup;
			children = (
				84F2C0DE28228DDE00B9DF7C /* MyLibrary.h */,
				84F2C0DF28228DDE00B9DF7C /* MyLibrary.docc */,
			);
			path = MyLibrary;
			sourceTree = "<group>";
		};
		84F2C0E928228DDE00B9DF7C /* MyLibraryTests */ = {
			isa = PBXGroup;
			children = (
				84F2C0EA28228DDE00B9DF7C /* MyLibraryTests.swift */,
			);
			path = MyLibraryTests;
			sourceTree = "<group>";
		};
		84F2C11A282293B700B9DF7C /* MyLibraryExample */ = {
			isa = PBXGroup;
			children = (
				84F2C11B282293B700B9DF7C /* AppDelegate.swift */,
				84F2C11D282293B700B9DF7C /* SceneDelegate.swift */,
				84F2C11F282293B700B9DF7C /* ViewController.swift */,
				84F2C121282293B700B9DF7C /* Main.storyboard */,
				84F2C124282293BA00B9DF7C /* Assets.xcassets */,
				84F2C126282293BA00B9DF7C /* LaunchScreen.storyboard */,
				84F2C129282293BA00B9DF7C /* Info.plist */,
			);
			path = MyLibraryExample;
			sourceTree = "<group>";
		};
/* End PBXGroup section */

/* Begin PBXHeadersBuildPhase section */
		84F2C0D628228DDE00B9DF7C /* Headers */ = {
			isa = PBXHeadersBuildPhase;
			buildActionMask = 2147483647;
			files = (
				84F2C0EC28228DDE00B9DF7C /* MyLibrary.h in Headers */,
			);
			runOnlyForDeploymentPostprocessing = 0;
		};
/* End PBXHeadersBuildPhase section */

/* Begin PBXNativeTarget section */
		84F2C0DA28228DDE00B9DF7C /* MyLibrary */ = {
			isa = PBXNativeTarget;
			buildConfigurationList = 84F2C0EF28228DDE00B9DF7C /* Build configuration list for PBXNativeTarget "MyLibrary" */;
			buildPhases = (
				84F2C0D628228DDE00B9DF7C /* Headers */,
				84F2C0D728228DDE00B9DF7C /* Sources */,
				84F2C0D828228DDE00B9DF7C /* Frameworks */,
				84F2C0D928228DDE00B9DF7C /* Resources */,
			);
			buildRules = (
			);
			dependencies = (
			);
			name = MyLibrary;
			productName = MyLibrary;
			productReference = 84F2C0DB28228DDE00B9DF7C /* MyLibrary.framework */;
			productType = "com.apple.product-type.framework";
		};
		84F2C0E428228DDE00B9DF7C /* MyLibraryTests */ = {
			isa = PBXNativeTarget;
			buildConfigurationList = 84F2C0F228228DDF00B9DF7C /* Build configuration list for PBXNativeTarget "MyLibraryTests" */;
			buildPhases = (
				84F2C0E128228DDE00B9DF7C /* Sources */,
				84F2C0E228228DDE00B9DF7C /* Frameworks */,
				84F2C0E328228DDE00B9DF7C /* Resources */,
			);
			buildRules = (
			);
			dependencies = (
				84F2C0E828228DDE00B9DF7C /* PBXTargetDependency */,
			);
			name = MyLibraryTests;
			productName = MyLibraryTests;
			productReference = 84F2C0E528228DDE00B9DF7C /* MyLibraryTests.xctest */;
			productType = "com.apple.product-type.bundle.unit-test";
		};
		84F2C118282293B700B9DF7C /* MyLibraryExample */ = {
			isa = PBXNativeTarget;
			buildConfigurationList = 84F2C12A282293BA00B9DF7C /* Build configuration list for PBXNativeTarget "MyLibraryExample" */;
			buildPhases = (
				84F2C115282293B700B9DF7C /* Sources */,
				84F2C116282293B700B9DF7C /* Frameworks */,
				84F2C117282293B700B9DF7C /* Resources */,
			);
			buildRules = (
			);
			dependencies = (
			);
			name = MyLibraryExample;
			productName = MyLibraryExample;
			productReference = 84F2C119282293B700B9DF7C /* MyLibraryExample.app */;
			productType = "com.apple.product-type.application";
		};
/* End PBXNativeTarget section */

/* Begin PBXProject section */
		84F2C0D228228DDE00B9DF7C /* Project object */ = {
			isa = PBXProject;
			attributes = {
				BuildIndependentTargetsInParallel = 1;
				LastSwiftUpdateCheck = 1320;
				LastUpgradeCheck = 1320;
				TargetAttributes = {
					84F2C0DA28228DDE00B9DF7C = {
						CreatedOnToolsVersion = 13.2.1;
					};
					84F2C0E428228DDE00B9DF7C = {
						CreatedOnToolsVersion = 13.2.1;
					};
					84F2C118282293B700B9DF7C = {
						CreatedOnToolsVersion = 13.2.1;
					};
				};
			};
			buildConfigurationList = 84F2C0D528228DDE00B9DF7C /* Build configuration list for PBXProject "MyLibrary" */;
			compatibilityVersion = "Xcode 13.0";
			developmentRegion = en;
			hasScannedForEncodings = 0;
			knownRegions = (
				en,
				Base,
			);
			mainGroup = 84F2C0D128228DDE00B9DF7C;
			productRefGroup = 84F2C0DC28228DDE00B9DF7C /* Products */;
			projectDirPath = "";
			projectRoot = "";
			targets = (
				84F2C0DA28228DDE00B9DF7C /* MyLibrary */,
				84F2C0E428228DDE00B9DF7C /* MyLibraryTests */,
				84F2C118282293B700B9DF7C /* MyLibraryExample */,
			);
		};
/* End PBXProject section */

/* Begin PBXResourcesBuildPhase section */
		84F2C0D928228DDE00B9DF7C /* Resources */ = {
			isa = PBXResourcesBuildPhase;
			buildActionMask = 2147483647;
			files = (
			);
			runOnlyForDeploymentPostprocessing = 0;
		};
		84F2C0E328228DDE00B9DF7C /* Resources */ = {
			isa = PBXResourcesBuildPhase;
			buildActionMask = 2147483647;
			files = (
			);
			runOnlyForDeploymentPostprocessing = 0;
		};
		84F2C117282293B700B9DF7C /* Resources */ = {
			isa = PBXResourcesBuildPhase;
			buildActionMask = 2147483647;
			files = (
				84F2C128282293BA00B9DF7C /* LaunchScreen.storyboard in Resources */,
				84F2C125282293BA00B9DF7C /* Assets.xcassets in Resources */,
				84F2C123282293B700B9DF7C /* Main.storyboard in Resources */,
			);
			runOnlyForDeploymentPostprocessing = 0;
		};
/* End PBXResourcesBuildPhase section */

/* Begin PBXSourcesBuildPhase section */
		84F2C0D728228DDE00B9DF7C /* Sources */ = {
			isa = PBXSourcesBuildPhase;
			buildActionMask = 2147483647;
			files = (
				84F2C0E028228DDE00B9DF7C /* MyLibrary.docc in Sources */,
			);
			runOnlyForDeploymentPostprocessing = 0;
		};
		84F2C0E128228DDE00B9DF7C /* Sources */ = {
			isa = PBXSourcesBuildPhase;
			buildActionMask = 2147483647;
			files = (
				84F2C0EB28228DDE00B9DF7C /* MyLibraryTests.swift in Sources */,
			);
			runOnlyForDeploymentPostprocessing = 0;
		};
		84F2C115282293B700B9DF7C /* Sources */ = {
			isa = PBXSourcesBuildPhase;
			buildActionMask = 2147483647;
			files = (
				84F2C120282293B700B9DF7C /* ViewController.swift in Sources */,
				84F2C11C282293B700B9DF7C /* AppDelegate.swift in Sources */,
				84F2C11E282293B700B9DF7C /* SceneDelegate.swift in Sources */,
			);
			runOnlyForDeploymentPostprocessing = 0;
		};
/* End PBXSourcesBuildPhase section */

/* Begin PBXTargetDependency section */
		84F2C0E828228DDE00B9DF7C /* PBXTargetDependency */ = {
			isa = PBXTargetDependency;
			target = 84F2C0DA28228DDE00B9DF7C /* MyLibrary */;
			targetProxy = 84F2C0E728228DDE00B9DF7C /* PBXContainerItemProxy */;
		};
/* End PBXTargetDependency section */

/* Begin PBXVariantGroup section */
		84F2C121282293B700B9DF7C /* Main.storyboard */ = {
			isa = PBXVariantGroup;
			children = (
				84F2C122282293B700B9DF7C /* Base */,
			);
			name = Main.storyboard;
			sourceTree = "<group>";
		};
		84F2C126282293BA00B9DF7C /* LaunchScreen.storyboard */ = {
			isa = PBXVariantGroup;
			children = (
				84F2C127282293BA00B9DF7C /* Base */,
			);
			name = LaunchScreen.storyboard;
			sourceTree = "<group>";
		};
/* End PBXVariantGroup section */

/* Begin XCBuildConfiguration section */
		84F2C0ED28228DDE00B9DF7C /* Debug */ = {
			isa = XCBuildConfiguration;
			buildSettings = {
				ALWAYS_SEARCH_USER_PATHS = NO;
				CLANG_ANALYZER_NONNULL = YES;
				CLANG_ANALYZER_NUMBER_OBJECT_CONVERSION = YES_AGGRESSIVE;
				CLANG_CXX_LANGUAGE_STANDARD = "gnu++17";
				CLANG_CXX_LIBRARY = "libc++";
				CLANG_ENABLE_MODULES = YES;
				CLANG_ENABLE_OBJC_ARC = YES;
				CLANG_ENABLE_OBJC_WEAK = YES;
				CLANG_WARN_BLOCK_CAPTURE_AUTORELEASING = YES;
				CLANG_WARN_BOOL_CONVERSION = YES;
				CLANG_WARN_COMMA = YES;
				CLANG_WARN_CONSTANT_CONVERSION = YES;
				CLANG_WARN_DEPRECATED_OBJC_IMPLEMENTATIONS = YES;
				CLANG_WARN_DIRECT_OBJC_ISA_USAGE = YES_ERROR;
				CLANG_WARN_DOCUMENTATION_COMMENTS = YES;
				CLANG_WARN_EMPTY_BODY = YES;
				CLANG_WARN_ENUM_CONVERSION = YES;
				CLANG_WARN_INFINITE_RECURSION = YES;
				CLANG_WARN_INT_CONVERSION = YES;
				CLANG_WARN_NON_LITERAL_NULL_CONVERSION = YES;
				CLANG_WARN_OBJC_IMPLICIT_RETAIN_SELF = YES;
				CLANG_WARN_OBJC_LITERAL_CONVERSION = YES;
				CLANG_WARN_OBJC_ROOT_CLASS = YES_ERROR;
				CLANG_WARN_QUOTED_INCLUDE_IN_FRAMEWORK_HEADER = YES;
				CLANG_WARN_RANGE_LOOP_ANALYSIS = YES;
				CLANG_WARN_STRICT_PROTOTYPES = YES;
				CLANG_WARN_SUSPICIOUS_MOVE = YES;
				CLANG_WARN_UNGUARDED_AVAILABILITY = YES_AGGRESSIVE;
				CLANG_WARN_UNREACHABLE_CODE = YES;
				CLANG_WARN__DUPLICATE_METHOD_MATCH = YES;
				COPY_PHASE_STRIP = NO;
				CURRENT_PROJECT_VERSION = 1;
				DEBUG_INFORMATION_FORMAT = dwarf;
				ENABLE_STRICT_OBJC_MSGSEND = YES;
				ENABLE_TESTABILITY = YES;
				GCC_C_LANGUAGE_STANDARD = gnu11;
				GCC_DYNAMIC_NO_PIC = NO;
				GCC_NO_COMMON_BLOCKS = YES;
				GCC_OPTIMIZATION_LEVEL = 0;
				GCC_PREPROCESSOR_DEFINITIONS = (
					"DEBUG=1",
					"$(inherited)",
				);
				GCC_WARN_64_TO_32_BIT_CONVERSION = YES;
				GCC_WARN_ABOUT_RETURN_TYPE = YES_ERROR;
				GCC_WARN_UNDECLARED_SELECTOR = YES;
				GCC_WARN_UNINITIALIZED_AUTOS = YES_AGGRESSIVE;
				GCC_WARN_UNUSED_FUNCTION = YES;
				GCC_WARN_UNUSED_VARIABLE = YES;
				IPHONEOS_DEPLOYMENT_TARGET = 15.2;
				MTL_ENABLE_DEBUG_INFO = INCLUDE_SOURCE;
				MTL_FAST_MATH = YES;
				ONLY_ACTIVE_ARCH = YES;
				SDKROOT = iphoneos;
				SWIFT_ACTIVE_COMPILATION_CONDITIONS = DEBUG;
				SWIFT_OPTIMIZATION_LEVEL = "-Onone";
				VERSIONING_SYSTEM = "apple-generic";
				VERSION_INFO_PREFIX = "";
			};
			name = Debug;
		};
		84F2C0EE28228DDE00B9DF7C /* Release */ = {
			isa = XCBuildConfiguration;
			buildSettings = {
				ALWAYS_SEARCH_USER_PATHS = NO;
				CLANG_ANALYZER_NONNULL = YES;
				CLANG_ANALYZER_NUMBER_OBJECT_CONVERSION = YES_AGGRESSIVE;
				CLANG_CXX_LANGUAGE_STANDARD = "gnu++17";
				CLANG_CXX_LIBRARY = "libc++";
				CLANG_ENABLE_MODULES = YES;
				CLANG_ENABLE_OBJC_ARC = YES;
				CLANG_ENABLE_OBJC_WEAK = YES;
				CLANG_WARN_BLOCK_CAPTURE_AUTORELEASING = YES;
				CLANG_WARN_BOOL_CONVERSION = YES;
				CLANG_WARN_COMMA = YES;
				CLANG_WARN_CONSTANT_CONVERSION = YES;
				CLANG_WARN_DEPRECATED_OBJC_IMPLEMENTATIONS = YES;
				CLANG_WARN_DIRECT_OBJC_ISA_USAGE = YES_ERROR;
				CLANG_WARN_DOCUMENTATION_COMMENTS = YES;
				CLANG_WARN_EMPTY_BODY = YES;
				CLANG_WARN_ENUM_CONVERSION = YES;
				CLANG_WARN_INFINITE_RECURSION = YES;
				CLANG_WARN_INT_CONVERSION = YES;
				CLANG_WARN_NON_LITERAL_NULL_CONVERSION = YES;
				CLANG_WARN_OBJC_IMPLICIT_RETAIN_SELF = YES;
				CLANG_WARN_OBJC_LITERAL_CONVERSION = YES;
				CLANG_WARN_OBJC_ROOT_CLASS = YES_ERROR;
				CLANG_WARN_QUOTED_INCLUDE_IN_FRAMEWORK_HEADER = YES;
				CLANG_WARN_RANGE_LOOP_ANALYSIS = YES;
				CLANG_WARN_STRICT_PROTOTYPES = YES;
				CLANG_WARN_SUSPICIOUS_MOVE = YES;
				CLANG_WARN_UNGUARDED_AVAILABILITY = YES_AGGRESSIVE;
				CLANG_WARN_UNREACHABLE_CODE = YES;
				CLANG_WARN__DUPLICATE_METHOD_MATCH = YES;
				COPY_PHASE_STRIP = NO;
				CURRENT_PROJECT_VERSION = 1;
				DEBUG_INFORMATION_FORMAT = "dwarf-with-dsym";
				ENABLE_NS_ASSERTIONS = NO;
				ENABLE_STRICT_OBJC_MSGSEND = YES;
				GCC_C_LANGUAGE_STANDARD = gnu11;
				GCC_NO_COMMON_BLOCKS = YES;
				GCC_WARN_64_TO_32_BIT_CONVERSION = YES;
				GCC_WARN_ABOUT_RETURN_TYPE = YES_ERROR;
				GCC_WARN_UNDECLARED_SELECTOR = YES;
				GCC_WARN_UNINITIALIZED_AUTOS = YES_AGGRESSIVE;
				GCC_WARN_UNUSED_FUNCTION = YES;
				GCC_WARN_UNUSED_VARIABLE = YES;
				IPHONEOS_DEPLOYMENT_TARGET = 15.2;
				MTL_ENABLE_DEBUG_INFO = NO;
				MTL_FAST_MATH = YES;
				SDKROOT = iphoneos;
				SWIFT_COMPILATION_MODE = wholemodule;
				SWIFT_OPTIMIZATION_LEVEL = "-O";
				VALIDATE_PRODUCT = YES;
				VERSIONING_SYSTEM = "apple-generic";
				VERSION_INFO_PREFIX = "";
			};
			name = Release;
		};
		84F2C0F028228DDE00B9DF7C /* Debug */ = {
			isa = XCBuildConfiguration;
			buildSettings = {
				CODE_SIGN_STYLE = Automatic;
				CURRENT_PROJECT_VERSION = 1;
				DEFINES_MODULE = YES;
				DEVELOPMENT_TEAM = 4625MS7W45;
				DYLIB_COMPATIBILITY_VERSION = 1;
				DYLIB_CURRENT_VERSION = 1;
				DYLIB_INSTALL_NAME_BASE = "@rpath";
				GENERATE_INFOPLIST_FILE = YES;
				INFOPLIST_KEY_NSHumanReadableCopyright = "";
				INSTALL_PATH = "$(LOCAL_LIBRARY_DIR)/Frameworks";
				LD_RUNPATH_SEARCH_PATHS = (
					"$(inherited)",
					"@executable_path/Frameworks",
					"@loader_path/Frameworks",
				);
				MARKETING_VERSION = 1.0;
				PRODUCT_BUNDLE_IDENTIFIER = io.bipp.MyLibrary;
				PRODUCT_NAME = "$(TARGET_NAME:c99extidentifier)";
				SKIP_INSTALL = YES;
				SWIFT_EMIT_LOC_STRINGS = YES;
				SWIFT_VERSION = 5.0;
				TARGETED_DEVICE_FAMILY = "1,2";
			};
			name = Debug;
		};
		84F2C0F128228DDE00B9DF7C /* Release */ = {
			isa = XCBuildConfiguration;
			buildSettings = {
				CODE_SIGN_STYLE = Automatic;
				CURRENT_PROJECT_VERSION = 1;
				DEFINES_MODULE = YES;
				DEVELOPMENT_TEAM = 4625MS7W45;
				DYLIB_COMPATIBILITY_VERSION = 1;
				DYLIB_CURRENT_VERSION = 1;
				DYLIB_INSTALL_NAME_BASE = "@rpath";
				GENERATE_INFOPLIST_FILE = YES;
				INFOPLIST_KEY_NSHumanReadableCopyright = "";
				INSTALL_PATH = "$(LOCAL_LIBRARY_DIR)/Frameworks";
				LD_RUNPATH_SEARCH_PATHS = (
					"$(inherited)",
					"@executable_path/Frameworks",
					"@loader_path/Frameworks",
				);
				MARKETING_VERSION = 1.0;
				PRODUCT_BUNDLE_IDENTIFIER = io.bipp.MyLibrary;
				PRODUCT_NAME = "$(TARGET_NAME:c99extidentifier)";
				SKIP_INSTALL = YES;
				SWIFT_EMIT_LOC_STRINGS = YES;
				SWIFT_VERSION = 5.0;
				TARGETED_DEVICE_FAMILY = "1,2";
			};
			name = Release;
		};
		84F2C0F328228DDF00B9DF7C /* Debug */ = {
			isa = XCBuildConfiguration;
			buildSettings = {
				CODE_SIGN_STYLE = Automatic;
				CURRENT_PROJECT_VERSION = 1;
				DEVELOPMENT_TEAM = 4625MS7W45;
				GENERATE_INFOPLIST_FILE = YES;
				MARKETING_VERSION = 1.0;
				PRODUCT_BUNDLE_IDENTIFIER = io.bipp.MyLibrary.MyLibraryTests;
				PRODUCT_NAME = "$(TARGET_NAME)";
				SWIFT_EMIT_LOC_STRINGS = NO;
				SWIFT_VERSION = 5.0;
				TARGETED_DEVICE_FAMILY = "1,2";
			};
			name = Debug;
		};
		84F2C0F428228DDF00B9DF7C /* Release */ = {
			isa = XCBuildConfiguration;
			buildSettings = {
				CODE_SIGN_STYLE = Automatic;
				CURRENT_PROJECT_VERSION = 1;
				DEVELOPMENT_TEAM = 4625MS7W45;
				GENERATE_INFOPLIST_FILE = YES;
				MARKETING_VERSION = 1.0;
				PRODUCT_BUNDLE_IDENTIFIER = io.bipp.MyLibrary.MyLibraryTests;
				PRODUCT_NAME = "$(TARGET_NAME)";
				SWIFT_EMIT_LOC_STRINGS = NO;
				SWIFT_VERSION = 5.0;
				TARGETED_DEVICE_FAMILY = "1,2";
			};
			name = Release;
		};
		84F2C12B282293BA00B9DF7C /* Debug */ = {
			isa = XCBuildConfiguration;
			buildSettings = {
				ASSETCATALOG_COMPILER_APPICON_NAME = AppIcon;
				ASSETCATALOG_COMPILER_GLOBAL_ACCENT_COLOR_NAME = AccentColor;
				CODE_SIGN_STYLE = Automatic;
				CURRENT_PROJECT_VERSION = 1;
				DEVELOPMENT_TEAM = 4625MS7W45;
				GENERATE_INFOPLIST_FILE = YES;
				INFOPLIST_FILE = MyLibraryExample/Info.plist;
				INFOPLIST_KEY_UIApplicationSupportsIndirectInputEvents = YES;
				INFOPLIST_KEY_UILaunchStoryboardName = LaunchScreen;
				INFOPLIST_KEY_UIMainStoryboardFile = Main;
				INFOPLIST_KEY_UISupportedInterfaceOrientations_iPad = "UIInterfaceOrientationPortrait UIInterfaceOrientationPortraitUpsideDown UIInterfaceOrientationLandscapeLeft UIInterfaceOrientationLandscapeRight";
				INFOPLIST_KEY_UISupportedInterfaceOrientations_iPhone = "UIInterfaceOrientationPortrait UIInterfaceOrientationLandscapeLeft UIInterfaceOrientationLandscapeRight";
				LD_RUNPATH_SEARCH_PATHS = (
					"$(inherited)",
					"@executable_path/Frameworks",
				);
				MARKETING_VERSION = 1.0;
				PRODUCT_BUNDLE_IDENTIFIER = io.bipp.MyLibrary.MyLibraryExample;
				PRODUCT_NAME = "$(TARGET_NAME)";
				SWIFT_EMIT_LOC_STRINGS = YES;
				SWIFT_VERSION = 5.0;
				TARGETED_DEVICE_FAMILY = "1,2";
			};
			name = Debug;
		};
		84F2C12C282293BA00B9DF7C /* Release */ = {
			isa = XCBuildConfiguration;
			buildSettings = {
				ASSETCATALOG_COMPILER_APPICON_NAME = AppIcon;
				ASSETCATALOG_COMPILER_GLOBAL_ACCENT_COLOR_NAME = AccentColor;
				CODE_SIGN_STYLE = Automatic;
				CURRENT_PROJECT_VERSION = 1;
				DEVELOPMENT_TEAM = 4625MS7W45;
				GENERATE_INFOPLIST_FILE = YES;
				INFOPLIST_FILE = MyLibraryExample/Info.plist;
				INFOPLIST_KEY_UIApplicationSupportsIndirectInputEvents = YES;
				INFOPLIST_KEY_UILaunchStoryboardName = LaunchScreen;
				INFOPLIST_KEY_UIMainStoryboardFile = Main;
				INFOPLIST_KEY_UISupportedInterfaceOrientations_iPad = "UIInterfaceOrientationPortrait UIInterfaceOrientationPortraitUpsideDown UIInterfaceOrientationLandscapeLeft UIInterfaceOrientationLandscapeRight";
				INFOPLIST_KEY_UISupportedInterfaceOrientations_iPhone = "UIInterfaceOrientationPortrait UIInterfaceOrientationLandscapeLeft UIInterfaceOrientationLandscapeRight";
				LD_RUNPATH_SEARCH_PATHS = (
					"$(inherited)",
					"@executable_path/Frameworks",
				);
				MARKETING_VERSION = 1.0;
				PRODUCT_BUNDLE_IDENTIFIER = io.bipp.MyLibrary.MyLibraryExample;
				PRODUCT_NAME = "$(TARGET_NAME)";
				SWIFT_EMIT_LOC_STRINGS = YES;
				SWIFT_VERSION = 5.0;
				TARGETED_DEVICE_FAMILY = "1,2";
			};
			name = Release;
		};
/* End XCBuildConfiguration section */

/* Begin XCConfigurationList section */
		84F2C0D528228DDE00B9DF7C /* Build configuration list for PBXProject "MyLibrary" */ = {
			isa = XCConfigurationList;
			buildConfigurations = (
				84F2C0ED28228DDE00B9DF7C /* Debug */,
				84F2C0EE28228DDE00B9DF7C /* Release */,
			);
			defaultConfigurationIsVisible = 0;
			defaultConfigurationName = Release;
		};
		84F2C0EF28228DDE00B9DF7C /* Build configuration list for PBXNativeTarget "MyLibrary" */ = {
			isa = XCConfigurationList;
			buildConfigurations = (
				84F2C0F028228DDE00B9DF7C /* Debug */,
				84F2C0F128228DDE00B9DF7C /* Release */,
			);
			defaultConfigurationIsVisible = 0;
			defaultConfigurationName = Release;
		};
		84F2C0F228228DDF00B9DF7C /* Build configuration list for PBXNativeTarget "MyLibraryTests" */ = {
			isa = XCConfigurationList;
			buildConfigurations = (
				84F2C0F328228DDF00B9DF7C /* Debug */,
				84F2C0F428228DDF00B9DF7C /* Release */,
			);
			defaultConfigurationIsVisible = 0;
			defaultConfigurationName = Release;
		};
		84F2C12A282293BA00B9DF7C /* Build configuration list for PBXNativeTarget "MyLibraryExample" */ = {
			isa = XCConfigurationList;
			buildConfigurations = (
				84F2C12B282293BA00B9DF7C /* Debug */,
				84F2C12C282293BA00B9DF7C /* Release */,
			);
			defaultConfigurationIsVisible = 0;
			defaultConfigurationName = Release;
		};
/* End XCConfigurationList section */
	};
	rootObject = 84F2C0D228228DDE00B9DF7C /* Project object */;
}
